
Microsoft Visual Studio Solution File, Format Version 12.00
# Visual Studio 15
VisualStudioVersion = 15.0.26730.16
MinimumVisualStudioVersion = 10.0.40219.1
Project("{FAE04EC0-301F-11D3-BF4B-00C04F79EFBC}") = "Projetkna", "Projetkna\Projetkna.csproj", "{DFB1DEAA-3550-4D07-B864-C728E20DADDF}"
EndProject
Global
	GlobalSection(SolutionConfigurationPlatforms) = preSolution
		Debug|Any CPU = Debug|Any CPU
		Release|Any CPU = Release|Any CPU
	EndGlobalSection
	GlobalSection(ProjectConfigurationPlatforms) = postSolution
		{DFB1DEAA-3550-4D07-B864-C728E20DADDF}.Debug|Any CPU.ActiveCfg = Debug|Any CPU
		{DFB1DEAA-3550-4D07-B864-C728E20DADDF}.Debug|Any CPU.Build.0 = Debug|Any CPU
		{DFB1DEAA-3550-4D07-B864-C728E20DADDF}.Release|Any CPU.ActiveCfg = Release|Any CPU
		{DFB1DEAA-3550-4D07-B864-C728E20DADDF}.Release|Any CPU.Build.0 = Release|Any CPU
	EndGlobalSection
	GlobalSection(SolutionProperties) = preSolution
		HideSolutionNode = FALSE
	EndGlobalSection
	GlobalSection(ExtensibilityGlobals) = postSolution
		SolutionGuid = {CB1446B3-97FC-4C75-8099-2365ED839FFD}
	EndGlobalSection
EndGlobal
